
Microsoft Visual Studio Solution File, Format Version 12.00
# Visual Studio Version 17
VisualStudioVersion = 17.7.34031.279
MinimumVisualStudioVersion = 10.0.40219.1
Project("{FAE04EC0-301F-11D3-BF4B-00C04F79EFBC}") = "SignalR.Chat", "SignalR.Chat\SignalR.Chat.csproj", "{F7D3D1C9-542E-4D38-AB2A-5C5851542F9C}"
EndProject
Global
	GlobalSection(SolutionConfigurationPlatforms) = preSolution
		Debug|Any CPU = Debug|Any CPU
		Release|Any CPU = Release|Any CPU
	EndGlobalSection
	GlobalSection(ProjectConfigurationPlatforms) = postSolution
		{F7D3D1C9-542E-4D38-AB2A-5C5851542F9C}.Debug|Any CPU.ActiveCfg = Debug|Any CPU
		{F7D3D1C9-542E-4D38-AB2A-5C5851542F9C}.Debug|Any CPU.Build.0 = Debug|Any CPU
		{F7D3D1C9-542E-4D38-AB2A-5C5851542F9C}.Release|Any CPU.ActiveCfg = Release|Any CPU
		{F7D3D1C9-542E-4D38-AB2A-5C5851542F9C}.Release|Any CPU.Build.0 = Release|Any CPU
	EndGlobalSection
	GlobalSection(SolutionProperties) = preSolution
		HideSolutionNode = FALSE
	EndGlobalSection
	GlobalSection(ExtensibilityGlobals) = postSolution
		SolutionGuid = {DD59B1C0-D837-465C-94BB-507E6AB598DF}
	EndGlobalSection
EndGlobal
